
Microsoft Visual Studio Solution File, Format Version 12.00
# Visual Studio Version 16
VisualStudioVersion = 16.0.30309.148
MinimumVisualStudioVersion = 10.0.40219.1
Project("{FAE04EC0-301F-11D3-BF4B-00C04F79EFBC}") = "Projekt_SW", "WindowsFormsApplication14\Projekt_SW.csproj", "{85018376-156B-4258-8584-16D2FE050231}"
EndProject
Global
	GlobalSection(SolutionConfigurationPlatforms) = preSolution
		Debug|Any CPU = Debug|Any CPU
		Release|Any CPU = Release|Any CPU
	EndGlobalSection
	GlobalSection(ProjectConfigurationPlatforms) = postSolution
		{85018376-156B-4258-8584-16D2FE050231}.Debug|Any CPU.ActiveCfg = Debug|Any CPU
		{85018376-156B-4258-8584-16D2FE050231}.Debug|Any CPU.Build.0 = Debug|Any CPU
		{85018376-156B-4258-8584-16D2FE050231}.Release|Any CPU.ActiveCfg = Release|Any CPU
		{85018376-156B-4258-8584-16D2FE050231}.Release|Any CPU.Build.0 = Release|Any CPU
	EndGlobalSection
	GlobalSection(SolutionProperties) = preSolution
		HideSolutionNode = FALSE
	EndGlobalSection
	GlobalSection(ExtensibilityGlobals) = postSolution
		SolutionGuid = {9906967E-2A43-4761-9790-EF5EE415A991}
	EndGlobalSection
EndGlobal
